// !$*UTF8*$!
{
	archiveVersion = 1;
	classes = {
	};
	objectVersion = 56;
	objects = {

/* Begin PBXBuildFile section */
		79B79CF529E41C08003F82EE /* AppDelegate.swift in Sources */ = {isa = PBXBuildFile; fileRef = 79B79CF429E41C08003F82EE /* AppDelegate.swift */; };
		79B79CF729E41C08003F82EE /* SceneDelegate.swift in Sources */ = {isa = PBXBuildFile; fileRef = 79B79CF629E41C08003F82EE /* SceneDelegate.swift */; };
		79B79CF929E41C08003F82EE /* ViewController.swift in Sources */ = {isa = PBXBuildFile; fileRef = 79B79CF829E41C08003F82EE /* ViewController.swift */; };
		79B79CFC29E41C08003F82EE /* Main.storyboard in Resources */ = {isa = PBXBuildFile; fileRef = 79B79CFA29E41C08003F82EE /* Main.storyboard */; };
		79B79CFE29E41C09003F82EE /* Assets.xcassets in Resources */ = {isa = PBXBuildFile; fileRef = 79B79CFD29E41C09003F82EE /* Assets.xcassets */; };
		79B79D0129E41C09003F82EE /* LaunchScreen.storyboard in Resources */ = {isa = PBXBuildFile; fileRef = 79B79CFF29E41C09003F82EE /* LaunchScreen.storyboard */; };
		79B79D0929E4217C003F82EE /* ReactContainer.swift in Sources */ = {isa = PBXBuildFile; fileRef = 79B79D0829E4217C003F82EE /* ReactContainer.swift */; };
		F8C052976643EBEE3629134B /* Pods_TestRNSScreens.framework in Frameworks */ = {isa = PBXBuildFile; fileRef = EA3AFBD85BEE78025CE83C67 /* Pods_TestRNSScreens.framework */; };
/* End PBXBuildFile section */

/* Begin PBXFileReference section */
		03C60DDA60DCD32AFCDFBABD /* Pods-TestRNSScreens.release.xcconfig */ = {isa = PBXFileReference; includeInIndex = 1; lastKnownFileType = text.xcconfig; name = "Pods-TestRNSScreens.release.xcconfig"; path = "Target Support Files/Pods-TestRNSScreens/Pods-TestRNSScreens.release.xcconfig"; sourceTree = "<group>"; };
		79B79CF129E41C08003F82EE /* TestRNSScreens.app */ = {isa = PBXFileReference; explicitFileType = wrapper.application; includeInIndex = 0; path = TestRNSScreens.app; sourceTree = BUILT_PRODUCTS_DIR; };
		79B79CF429E41C08003F82EE /* AppDelegate.swift */ = {isa = PBXFileReference; lastKnownFileType = sourcecode.swift; path = AppDelegate.swift; sourceTree = "<group>"; };
		79B79CF629E41C08003F82EE /* SceneDelegate.swift */ = {isa = PBXFileReference; lastKnownFileType = sourcecode.swift; path = SceneDelegate.swift; sourceTree = "<group>"; };
		79B79CF829E41C08003F82EE /* ViewController.swift */ = {isa = PBXFileReference; lastKnownFileType = sourcecode.swift; path = ViewController.swift; sourceTree = "<group>"; };
		79B79CFB29E41C08003F82EE /* Base */ = {isa = PBXFileReference; lastKnownFileType = file.storyboard; name = Base; path = Base.lproj/Main.storyboard; sourceTree = "<group>"; };
		79B79CFD29E41C09003F82EE /* Assets.xcassets */ = {isa = PBXFileReference; lastKnownFileType = folder.assetcatalog; path = Assets.xcassets; sourceTree = "<group>"; };
		79B79D0029E41C09003F82EE /* Base */ = {isa = PBXFileReference; lastKnownFileType = file.storyboard; name = Base; path = Base.lproj/LaunchScreen.storyboard; sourceTree = "<group>"; };
		79B79D0229E41C09003F82EE /* Info.plist */ = {isa = PBXFileReference; lastKnownFileType = text.plist.xml; path = Info.plist; sourceTree = "<group>"; };
		79B79D0829E4217C003F82EE /* ReactContainer.swift */ = {isa = PBXFileReference; lastKnownFileType = sourcecode.swift; path = ReactContainer.swift; sourceTree = "<group>"; };
		9740AC39B4B26AEC59904DA1 /* Pods-TestRNSScreens.debug.xcconfig */ = {isa = PBXFileReference; includeInIndex = 1; lastKnownFileType = text.xcconfig; name = "Pods-TestRNSScreens.debug.xcconfig"; path = "Target Support Files/Pods-TestRNSScreens/Pods-TestRNSScreens.debug.xcconfig"; sourceTree = "<group>"; };
		EA3AFBD85BEE78025CE83C67 /* Pods_TestRNSScreens.framework */ = {isa = PBXFileReference; explicitFileType = wrapper.framework; includeInIndex = 0; path = Pods_TestRNSScreens.framework; sourceTree = BUILT_PRODUCTS_DIR; };
/* End PBXFileReference section */

/* Begin PBXFrameworksBuildPhase section */
		79B79CEE29E41C08003F82EE /* Frameworks */ = {
			isa = PBXFrameworksBuildPhase;
			buildActionMask = 2147483647;
			files = (
				F8C052976643EBEE3629134B /* Pods_TestRNSScreens.framework in Frameworks */,
			);
			runOnlyForDeploymentPostprocessing = 0;
		};
/* End PBXFrameworksBuildPhase section */

/* Begin PBXGroup section */
		1E3EAF063E44CF30877C5DD5 /* Pods */ = {
			isa = PBXGroup;
			children = (
				9740AC39B4B26AEC59904DA1 /* Pods-TestRNSScreens.debug.xcconfig */,
				03C60DDA60DCD32AFCDFBABD /* Pods-TestRNSScreens.release.xcconfig */,
			);
			path = Pods;
			sourceTree = "<group>";
		};
		79B79CE829E41C08003F82EE = {
			isa = PBXGroup;
			children = (
				79B79CF329E41C08003F82EE /* TestRNSScreens */,
				79B79CF229E41C08003F82EE /* Products */,
				1E3EAF063E44CF30877C5DD5 /* Pods */,
				A284546D468E3944C62CA686 /* Frameworks */,
			);
			sourceTree = "<group>";
		};
		79B79CF229E41C08003F82EE /* Products */ = {
			isa = PBXGroup;
			children = (
				79B79CF129E41C08003F82EE /* TestRNSScreens.app */,
			);
			name = Products;
			sourceTree = "<group>";
		};
		79B79CF329E41C08003F82EE /* TestRNSScreens */ = {
			isa = PBXGroup;
			children = (
				79B79CF429E41C08003F82EE /* AppDelegate.swift */,
				79B79CF629E41C08003F82EE /* SceneDelegate.swift */,
				79B79CF829E41C08003F82EE /* ViewController.swift */,
				79B79D0829E4217C003F82EE /* ReactContainer.swift */,
				79B79CFA29E41C08003F82EE /* Main.storyboard */,
				79B79CFD29E41C09003F82EE /* Assets.xcassets */,
				79B79CFF29E41C09003F82EE /* LaunchScreen.storyboard */,
				79B79D0229E41C09003F82EE /* Info.plist */,
			);
			path = TestRNSScreens;
			sourceTree = "<group>";
		};
		A284546D468E3944C62CA686 /* Frameworks */ = {
			isa = PBXGroup;
			children = (
				EA3AFBD85BEE78025CE83C67 /* Pods_TestRNSScreens.framework */,
			);
			name = Frameworks;
			sourceTree = "<group>";
		};
/* End PBXGroup section */

/* Begin PBXNativeTarget section */
		79B79CF029E41C08003F82EE /* TestRNSScreens */ = {
			isa = PBXNativeTarget;
			buildConfigurationList = 79B79D0529E41C09003F82EE /* Build configuration list for PBXNativeTarget "TestRNSScreens" */;
			buildPhases = (
				655295C1A154FD7F1BCF4D85 /* [CP] Check Pods Manifest.lock */,
				79B79CED29E41C08003F82EE /* Sources */,
				79B79CEE29E41C08003F82EE /* Frameworks */,
				79B79CEF29E41C08003F82EE /* Resources */,
				3D265CEE63E08BBAD7C78027 /* [CP] Embed Pods Frameworks */,
				79B79D0A29E42496003F82EE /* Start npm */,
			);
			buildRules = (
			);
			dependencies = (
			);
			name = TestRNSScreens;
			productName = TestRNSScreens;
			productReference = 79B79CF129E41C08003F82EE /* TestRNSScreens.app */;
			productType = "com.apple.product-type.application";
		};
/* End PBXNativeTarget section */

/* Begin PBXProject section */
		79B79CE929E41C08003F82EE /* Project object */ = {
			isa = PBXProject;
			attributes = {
				BuildIndependentTargetsInParallel = 1;
				LastSwiftUpdateCheck = 1430;
				LastUpgradeCheck = 1430;
				TargetAttributes = {
					79B79CF029E41C08003F82EE = {
						CreatedOnToolsVersion = 14.3;
					};
				};
			};
			buildConfigurationList = 79B79CEC29E41C08003F82EE /* Build configuration list for PBXProject "TestRNSScreens" */;
			compatibilityVersion = "Xcode 14.0";
			developmentRegion = en;
			hasScannedForEncodings = 0;
			knownRegions = (
				en,
				Base,
			);
			mainGroup = 79B79CE829E41C08003F82EE;
			productRefGroup = 79B79CF229E41C08003F82EE /* Products */;
			projectDirPath = "";
			projectRoot = "";
			targets = (
				79B79CF029E41C08003F82EE /* TestRNSScreens */,
			);
		};
/* End PBXProject section */

/* Begin PBXResourcesBuildPhase section */
		79B79CEF29E41C08003F82EE /* Resources */ = {
			isa = PBXResourcesBuildPhase;
			buildActionMask = 2147483647;
			files = (
				79B79D0129E41C09003F82EE /* LaunchScreen.storyboard in Resources */,
				79B79CFE29E41C09003F82EE /* Assets.xcassets in Resources */,
				79B79CFC29E41C08003F82EE /* Main.storyboard in Resources */,
			);
			runOnlyForDeploymentPostprocessing = 0;
		};
/* End PBXResourcesBuildPhase section */

/* Begin PBXShellScriptBuildPhase section */
		3D265CEE63E08BBAD7C78027 /* [CP] Embed Pods Frameworks */ = {
			isa = PBXShellScriptBuildPhase;
			buildActionMask = 2147483647;
			files = (
			);
			inputFileListPaths = (
				"${PODS_ROOT}/Target Support Files/Pods-TestRNSScreens/Pods-TestRNSScreens-frameworks-${CONFIGURATION}-input-files.xcfilelist",
			);
			name = "[CP] Embed Pods Frameworks";
			outputFileListPaths = (
				"${PODS_ROOT}/Target Support Files/Pods-TestRNSScreens/Pods-TestRNSScreens-frameworks-${CONFIGURATION}-output-files.xcfilelist",
			);
			runOnlyForDeploymentPostprocessing = 0;
			shellPath = /bin/sh;
			shellScript = "\"${PODS_ROOT}/Target Support Files/Pods-TestRNSScreens/Pods-TestRNSScreens-frameworks.sh\"\n";
			showEnvVarsInLog = 0;
		};
		655295C1A154FD7F1BCF4D85 /* [CP] Check Pods Manifest.lock */ = {
			isa = PBXShellScriptBuildPhase;
			buildActionMask = 2147483647;
			files = (
			);
			inputFileListPaths = (
			);
			inputPaths = (
				"${PODS_PODFILE_DIR_PATH}/Podfile.lock",
				"${PODS_ROOT}/Manifest.lock",
			);
			name = "[CP] Check Pods Manifest.lock";
			outputFileListPaths = (
			);
			outputPaths = (
				"$(DERIVED_FILE_DIR)/Pods-TestRNSScreens-checkManifestLockResult.txt",
			);
			runOnlyForDeploymentPostprocessing = 0;
			shellPath = /bin/sh;
			shellScript = "diff \"${PODS_PODFILE_DIR_PATH}/Podfile.lock\" \"${PODS_ROOT}/Manifest.lock\" > /dev/null\nif [ $? != 0 ] ; then\n    # print error to STDERR\n    echo \"error: The sandbox is not in sync with the Podfile.lock. Run 'pod install' or update your CocoaPods installation.\" >&2\n    exit 1\nfi\n# This output is used by Xcode 'outputs' to avoid re-running this script phase.\necho \"SUCCESS\" > \"${SCRIPT_OUTPUT_FILE_0}\"\n";
			showEnvVarsInLog = 0;
		};
		79B79D0A29E42496003F82EE /* Start npm */ = {
			isa = PBXShellScriptBuildPhase;
			buildActionMask = 2147483647;
			files = (
			);
			inputFileListPaths = (
			);
			inputPaths = (
			);
			name = "Start npm";
			outputFileListPaths = (
			);
			outputPaths = (
			);
			runOnlyForDeploymentPostprocessing = 0;
			shellPath = /bin/sh;
			shellScript = "    sh \"${PROJECT_DIR}/react/start-npm.sh\" --react-folder-path=\"${PROJECT_DIR}/react\" --metro-config-path=\"${PROJECT_DIR}/react/metroBundler.config.json\"\n";
		};
/* End PBXShellScriptBuildPhase section */

/* Begin PBXSourcesBuildPhase section */
		79B79CED29E41C08003F82EE /* Sources */ = {
			isa = PBXSourcesBuildPhase;
			buildActionMask = 2147483647;
			files = (
				79B79CF929E41C08003F82EE /* ViewController.swift in Sources */,
				79B79D0929E4217C003F82EE /* ReactContainer.swift in Sources */,
				79B79CF529E41C08003F82EE /* AppDelegate.swift in Sources */,
				79B79CF729E41C08003F82EE /* SceneDelegate.swift in Sources */,
			);
			runOnlyForDeploymentPostprocessing = 0;
		};
/* End PBXSourcesBuildPhase section */

/* Begin PBXVariantGroup section */
		79B79CFA29E41C08003F82EE /* Main.storyboard */ = {
			isa = PBXVariantGroup;
			children = (
				79B79CFB29E41C08003F82EE /* Base */,
			);
			name = Main.storyboard;
			sourceTree = "<group>";
		};
		79B79CFF29E41C09003F82EE /* LaunchScreen.storyboard */ = {
			isa = PBXVariantGroup;
			children = (
				79B79D0029E41C09003F82EE /* Base */,
			);
			name = LaunchScreen.storyboard;
			sourceTree = "<group>";
		};
/* End PBXVariantGroup section */

/* Begin XCBuildConfiguration section */
		79B79D0329E41C09003F82EE /* Debug */ = {
			isa = XCBuildConfiguration;
			buildSettings = {
				ALWAYS_SEARCH_USER_PATHS = NO;
				CLANG_ANALYZER_NONNULL = YES;
				CLANG_ANALYZER_NUMBER_OBJECT_CONVERSION = YES_AGGRESSIVE;
				CLANG_CXX_LANGUAGE_STANDARD = "c++17";
				CLANG_ENABLE_MODULES = YES;
				CLANG_ENABLE_OBJC_ARC = YES;
				CLANG_ENABLE_OBJC_WEAK = YES;
				CLANG_WARN_BLOCK_CAPTURE_AUTORELEASING = YES;
				CLANG_WARN_BOOL_CONVERSION = YES;
				CLANG_WARN_COMMA = YES;
				CLANG_WARN_CONSTANT_CONVERSION = YES;
				CLANG_WARN_DEPRECATED_OBJC_IMPLEMENTATIONS = YES;
				CLANG_WARN_DIRECT_OBJC_ISA_USAGE = YES_ERROR;
				CLANG_WARN_DOCUMENTATION_COMMENTS = YES;
				CLANG_WARN_EMPTY_BODY = YES;
				CLANG_WARN_ENUM_CONVERSION = YES;
				CLANG_WARN_INFINITE_RECURSION = YES;
				CLANG_WARN_INT_CONVERSION = YES;
				CLANG_WARN_NON_LITERAL_NULL_CONVERSION = YES;
				CLANG_WARN_OBJC_IMPLICIT_RETAIN_SELF = YES;
				CLANG_WARN_OBJC_LITERAL_CONVERSION = YES;
				CLANG_WARN_OBJC_ROOT_CLASS = YES_ERROR;
				CLANG_WARN_QUOTED_INCLUDE_IN_FRAMEWORK_HEADER = YES;
				CLANG_WARN_RANGE_LOOP_ANALYSIS = YES;
				CLANG_WARN_STRICT_PROTOTYPES = YES;
				CLANG_WARN_SUSPICIOUS_MOVE = YES;
				CLANG_WARN_UNGUARDED_AVAILABILITY = YES_AGGRESSIVE;
				CLANG_WARN_UNREACHABLE_CODE = YES;
				CLANG_WARN__DUPLICATE_METHOD_MATCH = YES;
				COPY_PHASE_STRIP = NO;
				DEBUG_INFORMATION_FORMAT = dwarf;
				ENABLE_STRICT_OBJC_MSGSEND = YES;
				ENABLE_TESTABILITY = YES;
				"EXCLUDED_ARCHS[sdk=iphonesimulator*]" = "";
				GCC_C_LANGUAGE_STANDARD = gnu11;
				GCC_DYNAMIC_NO_PIC = NO;
				GCC_NO_COMMON_BLOCKS = YES;
				GCC_OPTIMIZATION_LEVEL = 0;
				GCC_PREPROCESSOR_DEFINITIONS = (
					"DEBUG=1",
					"$(inherited)",
				);
				GCC_WARN_64_TO_32_BIT_CONVERSION = YES;
				GCC_WARN_ABOUT_RETURN_TYPE = YES_ERROR;
				GCC_WARN_UNDECLARED_SELECTOR = YES;
				GCC_WARN_UNINITIALIZED_AUTOS = YES_AGGRESSIVE;
				GCC_WARN_UNUSED_FUNCTION = YES;
				GCC_WARN_UNUSED_VARIABLE = YES;
				IPHONEOS_DEPLOYMENT_TARGET = 16.4;
				MTL_ENABLE_DEBUG_INFO = INCLUDE_SOURCE;
				MTL_FAST_MATH = YES;
				ONLY_ACTIVE_ARCH = YES;
				REACT_NATIVE_PATH = "${PODS_ROOT}/../react/node_modules/react-native";
				SDKROOT = iphoneos;
				SWIFT_ACTIVE_COMPILATION_CONDITIONS = DEBUG;
				SWIFT_OPTIMIZATION_LEVEL = "-Onone";
			};
			name = Debug;
		};
		79B79D0429E41C09003F82EE /* Release */ = {
			isa = XCBuildConfiguration;
			buildSettings = {
				ALWAYS_SEARCH_USER_PATHS = NO;
				CLANG_ANALYZER_NONNULL = YES;
				CLANG_ANALYZER_NUMBER_OBJECT_CONVERSION = YES_AGGRESSIVE;
				CLANG_CXX_LANGUAGE_STANDARD = "c++17";
				CLANG_ENABLE_MODULES = YES;
				CLANG_ENABLE_OBJC_ARC = YES;
				CLANG_ENABLE_OBJC_WEAK = YES;
				CLANG_WARN_BLOCK_CAPTURE_AUTORELEASING = YES;
				CLANG_WARN_BOOL_CONVERSION = YES;
				CLANG_WARN_COMMA = YES;
				CLANG_WARN_CONSTANT_CONVERSION = YES;
				CLANG_WARN_DEPRECATED_OBJC_IMPLEMENTATIONS = YES;
				CLANG_WARN_DIRECT_OBJC_ISA_USAGE = YES_ERROR;
				CLANG_WARN_DOCUMENTATION_COMMENTS = YES;
				CLANG_WARN_EMPTY_BODY = YES;
				CLANG_WARN_ENUM_CONVERSION = YES;
				CLANG_WARN_INFINITE_RECURSION = YES;
				CLANG_WARN_INT_CONVERSION = YES;
				CLANG_WARN_NON_LITERAL_NULL_CONVERSION = YES;
				CLANG_WARN_OBJC_IMPLICIT_RETAIN_SELF = YES;
				CLANG_WARN_OBJC_LITERAL_CONVERSION = YES;
				CLANG_WARN_OBJC_ROOT_CLASS = YES_ERROR;
				CLANG_WARN_QUOTED_INCLUDE_IN_FRAMEWORK_HEADER = YES;
				CLANG_WARN_RANGE_LOOP_ANALYSIS = YES;
				CLANG_WARN_STRICT_PROTOTYPES = YES;
				CLANG_WARN_SUSPICIOUS_MOVE = YES;
				CLANG_WARN_UNGUARDED_AVAILABILITY = YES_AGGRESSIVE;
				CLANG_WARN_UNREACHABLE_CODE = YES;
				CLANG_WARN__DUPLICATE_METHOD_MATCH = YES;
				COPY_PHASE_STRIP = NO;
				DEBUG_INFORMATION_FORMAT = "dwarf-with-dsym";
				ENABLE_NS_ASSERTIONS = NO;
				ENABLE_STRICT_OBJC_MSGSEND = YES;
				"EXCLUDED_ARCHS[sdk=iphonesimulator*]" = "";
				GCC_C_LANGUAGE_STANDARD = gnu11;
				GCC_NO_COMMON_BLOCKS = YES;
				GCC_WARN_64_TO_32_BIT_CONVERSION = YES;
				GCC_WARN_ABOUT_RETURN_TYPE = YES_ERROR;
				GCC_WARN_UNDECLARED_SELECTOR = YES;
				GCC_WARN_UNINITIALIZED_AUTOS = YES_AGGRESSIVE;
				GCC_WARN_UNUSED_FUNCTION = YES;
				GCC_WARN_UNUSED_VARIABLE = YES;
				IPHONEOS_DEPLOYMENT_TARGET = 16.4;
				MTL_ENABLE_DEBUG_INFO = NO;
				MTL_FAST_MATH = YES;
				REACT_NATIVE_PATH = "${PODS_ROOT}/../react/node_modules/react-native";
				SDKROOT = iphoneos;
				SWIFT_COMPILATION_MODE = wholemodule;
				SWIFT_OPTIMIZATION_LEVEL = "-O";
				VALIDATE_PRODUCT = YES;
			};
			name = Release;
		};
		79B79D0629E41C09003F82EE /* Debug */ = {
			isa = XCBuildConfiguration;
			baseConfigurationReference = 9740AC39B4B26AEC59904DA1 /* Pods-TestRNSScreens.debug.xcconfig */;
			buildSettings = {
				ASSETCATALOG_COMPILER_APPICON_NAME = AppIcon;
				ASSETCATALOG_COMPILER_GLOBAL_ACCENT_COLOR_NAME = AccentColor;
				CODE_SIGN_STYLE = Automatic;
				CURRENT_PROJECT_VERSION = 1;
				GENERATE_INFOPLIST_FILE = YES;
				INFOPLIST_FILE = TestRNSScreens/Info.plist;
				INFOPLIST_KEY_UIApplicationSupportsIndirectInputEvents = YES;
				INFOPLIST_KEY_UILaunchStoryboardName = LaunchScreen;
				INFOPLIST_KEY_UIMainStoryboardFile = Main;
				INFOPLIST_KEY_UISupportedInterfaceOrientations_iPad = "UIInterfaceOrientationPortrait UIInterfaceOrientationPortraitUpsideDown UIInterfaceOrientationLandscapeLeft UIInterfaceOrientationLandscapeRight";
				INFOPLIST_KEY_UISupportedInterfaceOrientations_iPhone = "UIInterfaceOrientationPortrait UIInterfaceOrientationLandscapeLeft UIInterfaceOrientationLandscapeRight";
				IPHONEOS_DEPLOYMENT_TARGET = 16.2;
				LD_RUNPATH_SEARCH_PATHS = (
					"$(inherited)",
					"@executable_path/Frameworks",
				);
				MARKETING_VERSION = 1.0;
				PRODUCT_BUNDLE_IDENTIFIER = com.test.TestRNSScreens;
				PRODUCT_NAME = "$(TARGET_NAME)";
				SWIFT_EMIT_LOC_STRINGS = YES;
				SWIFT_VERSION = 5.0;
				TARGETED_DEVICE_FAMILY = "1,2";
			};
			name = Debug;
		};
		79B79D0729E41C09003F82EE /* Release */ = {
			isa = XCBuildConfiguration;
			baseConfigurationReference = 03C60DDA60DCD32AFCDFBABD /* Pods-TestRNSScreens.release.xcconfig */;
			buildSettings = {
				ASSETCATALOG_COMPILER_APPICON_NAME = AppIcon;
				ASSETCATALOG_COMPILER_GLOBAL_ACCENT_COLOR_NAME = AccentColor;
				CODE_SIGN_STYLE = Automatic;
				CURRENT_PROJECT_VERSION = 1;
				GENERATE_INFOPLIST_FILE = YES;
				INFOPLIST_FILE = TestRNSScreens/Info.plist;
				INFOPLIST_KEY_UIApplicationSupportsIndirectInputEvents = YES;
				INFOPLIST_KEY_UILaunchStoryboardName = LaunchScreen;
				INFOPLIST_KEY_UIMainStoryboardFile = Main;
				INFOPLIST_KEY_UISupportedInterfaceOrientations_iPad = "UIInterfaceOrientationPortrait UIInterfaceOrientationPortraitUpsideDown UIInterfaceOrientationLandscapeLeft UIInterfaceOrientationLandscapeRight";
				INFOPLIST_KEY_UISupportedInterfaceOrientations_iPhone = "UIInterfaceOrientationPortrait UIInterfaceOrientationLandscapeLeft UIInterfaceOrientationLandscapeRight";
				IPHONEOS_DEPLOYMENT_TARGET = 16.2;
				LD_RUNPATH_SEARCH_PATHS = (
					"$(inherited)",
					"@executable_path/Frameworks",
				);
				MARKETING_VERSION = 1.0;
				PRODUCT_BUNDLE_IDENTIFIER = com.test.TestRNSScreens;
				PRODUCT_NAME = "$(TARGET_NAME)";
				SWIFT_EMIT_LOC_STRINGS = YES;
				SWIFT_VERSION = 5.0;
				TARGETED_DEVICE_FAMILY = "1,2";
			};
			name = Release;
		};
/* End XCBuildConfiguration section */

/* Begin XCConfigurationList section */
		79B79CEC29E41C08003F82EE /* Build configuration list for PBXProject "TestRNSScreens" */ = {
			isa = XCConfigurationList;
			buildConfigurations = (
				79B79D0329E41C09003F82EE /* Debug */,
				79B79D0429E41C09003F82EE /* Release */,
			);
			defaultConfigurationIsVisible = 0;
			defaultConfigurationName = Release;
		};
		79B79D0529E41C09003F82EE /* Build configuration list for PBXNativeTarget "TestRNSScreens" */ = {
			isa = XCConfigurationList;
			buildConfigurations = (
				79B79D0629E41C09003F82EE /* Debug */,
				79B79D0729E41C09003F82EE /* Release */,
			);
			defaultConfigurationIsVisible = 0;
			defaultConfigurationName = Release;
		};
/* End XCConfigurationList section */
	};
	rootObject = 79B79CE929E41C08003F82EE /* Project object */;
}
